hash: c0ceadec260b5db6bf22ff408aae6d82de56fd75c49d579d80306b6fdad9614c
updated: 2016-10-05T16:38:51.082962057-07:00
imports:
- name: github.com/google/go-github
  version: 3e246d29992beb5a5d2fc253adebea86997c45b0
  subpackages:
  - github
- name: github.com/google/go-querystring
  version: 9235644dd9e52eeae6fa48efd539fdc351a0af53
  subpackages:
  - query
- name: github.com/nlopes/slack
  version: a1a63712460a18dbe828ae915f954a0f214f3d8e
- name: golang.org/x/net
  version: ffe101cce3477a6c6d8f0754d103bb0a84ec1266
  subpackages:
  - websocket
testImports: []
